
Microsoft Visual Studio Solution File, Format Version 12.00
# Visual Studio 15
VisualStudioVersion = 15.0.26430.6
MinimumVisualStudioVersion = 10.0.40219.1
Project("{FAE04EC0-301F-11D3-BF4B-00C04F79EFBC}") = "housePainting", "dogHouse\housePainting.csproj", "{9BC71680-7712-4A2F-B0A6-46816DC6A849}"
EndProject
Project("{FAE04EC0-301F-11D3-BF4B-00C04F79EFBC}") = "glasses", "glasses\glasses.csproj", "{084CDE29-55F1-42E2-AE4B-70BBEACECD6C}"
EndProject
Project("{FAE04EC0-301F-11D3-BF4B-00C04F79EFBC}") = "vacation", "vacation\vacation.csproj", "{8471E00A-403F-4E58-9C56-64A23E48AE4F}"
EndProject
Project("{FAE04EC0-301F-11D3-BF4B-00C04F79EFBC}") = "trainersSalary", "trainersSalary\trainersSalary.csproj", "{EFC0ED04-4BC5-4762-BD4E-971E1B8981A5}"
EndProject
Project("{FAE04EC0-301F-11D3-BF4B-00C04F79EFBC}") = "hourglass", "hourglass\hourglass.csproj", "{B2A853EF-82FB-46A0-8BE8-222C4208CEE2}"
EndProject
Project("{FAE04EC0-301F-11D3-BF4B-00C04F79EFBC}") = "twoNumberSum", "twoNumberSum\twoNumberSum.csproj", "{34FECFB7-1BDF-4919-8A3F-B8A4646377A4}"
EndProject
Global
	GlobalSection(SolutionConfigurationPlatforms) = preSolution
		Debug|Any CPU = Debug|Any CPU
		Release|Any CPU = Release|Any CPU
	EndGlobalSection
	GlobalSection(ProjectConfigurationPlatforms) = postSolution
		{9BC71680-7712-4A2F-B0A6-46816DC6A849}.Debug|Any CPU.ActiveCfg = Debug|Any CPU
		{9BC71680-7712-4A2F-B0A6-46816DC6A849}.Debug|Any CPU.Build.0 = Debug|Any CPU
		{9BC71680-7712-4A2F-B0A6-46816DC6A849}.Release|Any CPU.ActiveCfg = Release|Any CPU
		{9BC71680-7712-4A2F-B0A6-46816DC6A849}.Release|Any CPU.Build.0 = Release|Any CPU
		{084CDE29-55F1-42E2-AE4B-70BBEACECD6C}.Debug|Any CPU.ActiveCfg = Debug|Any CPU
		{084CDE29-55F1-42E2-AE4B-70BBEACECD6C}.Debug|Any CPU.Build.0 = Debug|Any CPU
		{084CDE29-55F1-42E2-AE4B-70BBEACECD6C}.Release|Any CPU.ActiveCfg = Release|Any CPU
		{084CDE29-55F1-42E2-AE4B-70BBEACECD6C}.Release|Any CPU.Build.0 = Release|Any CPU
		{8471E00A-403F-4E58-9C56-64A23E48AE4F}.Debug|Any CPU.ActiveCfg = Debug|Any CPU
		{8471E00A-403F-4E58-9C56-64A23E48AE4F}.Debug|Any CPU.Build.0 = Debug|Any CPU
		{8471E00A-403F-4E58-9C56-64A23E48AE4F}.Release|Any CPU.ActiveCfg = Release|Any CPU
		{8471E00A-403F-4E58-9C56-64A23E48AE4F}.Release|Any CPU.Build.0 = Release|Any CPU
		{EFC0ED04-4BC5-4762-BD4E-971E1B8981A5}.Debug|Any CPU.ActiveCfg = Debug|Any CPU
		{EFC0ED04-4BC5-4762-BD4E-971E1B8981A5}.Debug|Any CPU.Build.0 = Debug|Any CPU
		{EFC0ED04-4BC5-4762-BD4E-971E1B8981A5}.Release|Any CPU.ActiveCfg = Release|Any CPU
		{EFC0ED04-4BC5-4762-BD4E-971E1B8981A5}.Release|Any CPU.Build.0 = Release|Any CPU
		{B2A853EF-82FB-46A0-8BE8-222C4208CEE2}.Debug|Any CPU.ActiveCfg = Debug|Any CPU
		{B2A853EF-82FB-46A0-8BE8-222C4208CEE2}.Debug|Any CPU.Build.0 = Debug|Any CPU
		{B2A853EF-82FB-46A0-8BE8-222C4208CEE2}.Release|Any CPU.ActiveCfg = Release|Any CPU
		{B2A853EF-82FB-46A0-8BE8-222C4208CEE2}.Release|Any CPU.Build.0 = Release|Any CPU
		{34FECFB7-1BDF-4919-8A3F-B8A4646377A4}.Debug|Any CPU.ActiveCfg = Debug|Any CPU
		{34FECFB7-1BDF-4919-8A3F-B8A4646377A4}.Debug|Any CPU.Build.0 = Debug|Any CPU
		{34FECFB7-1BDF-4919-8A3F-B8A4646377A4}.Release|Any CPU.ActiveCfg = Release|Any CPU
		{34FECFB7-1BDF-4919-8A3F-B8A4646377A4}.Release|Any CPU.Build.0 = Release|Any CPU
	EndGlobalSection
	GlobalSection(SolutionProperties) = preSolution
		HideSolutionNode = FALSE
	EndGlobalSection
EndGlobal
