
Microsoft Visual Studio Solution File, Format Version 12.00
# Visual Studio 15
VisualStudioVersion = 15.0.26430.6
MinimumVisualStudioVersion = 10.0.40219.1
Project("{FAE04EC0-301F-11D3-BF4B-00C04F79EFBC}") = "distance", "distance\distance.csproj", "{B852E1BD-B21D-48C4-932F-31B1DE81EA07}"
EndProject
Project("{FAE04EC0-301F-11D3-BF4B-00C04F79EFBC}") = "changeTiles", "changeTiles\changeTiles.csproj", "{DA1F2F98-2484-464A-8B4B-929551351BD2}"
EndProject
Project("{FAE04EC0-301F-11D3-BF4B-00C04F79EFBC}") = "flowerShop", "flowers\flowerShop.csproj", "{0DF8B9F3-9C64-425D-91EF-7B35E57514AB}"
EndProject
Project("{FAE04EC0-301F-11D3-BF4B-00C04F79EFBC}") = "grades", "grades\grades.csproj", "{ABDDC1D0-E96C-4086-8369-49C56538DBF6}"
EndProject
Project("{FAE04EC0-301F-11D3-BF4B-00C04F79EFBC}") = "christmasHat", "christmasHat\christmasHat.csproj", "{B52544F2-69BB-4688-AF8E-DB0072758B43}"
EndProject
Project("{FAE04EC0-301F-11D3-BF4B-00C04F79EFBC}") = "lettercombo", "lettercombo\lettercombo.csproj", "{7CD2F032-F270-497E-9E2F-10C86B18063B}"
EndProject
Project("{FAE04EC0-301F-11D3-BF4B-00C04F79EFBC}") = "test", "test\test.csproj", "{E053BC08-88BE-495A-9F21-06F02B03B137}"
EndProject
Global
	GlobalSection(SolutionConfigurationPlatforms) = preSolution
		Debug|Any CPU = Debug|Any CPU
		Release|Any CPU = Release|Any CPU
	EndGlobalSection
	GlobalSection(ProjectConfigurationPlatforms) = postSolution
		{B852E1BD-B21D-48C4-932F-31B1DE81EA07}.Debug|Any CPU.ActiveCfg = Debug|Any CPU
		{B852E1BD-B21D-48C4-932F-31B1DE81EA07}.Debug|Any CPU.Build.0 = Debug|Any CPU
		{B852E1BD-B21D-48C4-932F-31B1DE81EA07}.Release|Any CPU.ActiveCfg = Release|Any CPU
		{B852E1BD-B21D-48C4-932F-31B1DE81EA07}.Release|Any CPU.Build.0 = Release|Any CPU
		{DA1F2F98-2484-464A-8B4B-929551351BD2}.Debug|Any CPU.ActiveCfg = Debug|Any CPU
		{DA1F2F98-2484-464A-8B4B-929551351BD2}.Debug|Any CPU.Build.0 = Debug|Any CPU
		{DA1F2F98-2484-464A-8B4B-929551351BD2}.Release|Any CPU.ActiveCfg = Release|Any CPU
		{DA1F2F98-2484-464A-8B4B-929551351BD2}.Release|Any CPU.Build.0 = Release|Any CPU
		{0DF8B9F3-9C64-425D-91EF-7B35E57514AB}.Debug|Any CPU.ActiveCfg = Debug|Any CPU
		{0DF8B9F3-9C64-425D-91EF-7B35E57514AB}.Debug|Any CPU.Build.0 = Debug|Any CPU
		{0DF8B9F3-9C64-425D-91EF-7B35E57514AB}.Release|Any CPU.ActiveCfg = Release|Any CPU
		{0DF8B9F3-9C64-425D-91EF-7B35E57514AB}.Release|Any CPU.Build.0 = Release|Any CPU
		{ABDDC1D0-E96C-4086-8369-49C56538DBF6}.Debug|Any CPU.ActiveCfg = Debug|Any CPU
		{ABDDC1D0-E96C-4086-8369-49C56538DBF6}.Debug|Any CPU.Build.0 = Debug|Any CPU
		{ABDDC1D0-E96C-4086-8369-49C56538DBF6}.Release|Any CPU.ActiveCfg = Release|Any CPU
		{ABDDC1D0-E96C-4086-8369-49C56538DBF6}.Release|Any CPU.Build.0 = Release|Any CPU
		{B52544F2-69BB-4688-AF8E-DB0072758B43}.Debug|Any CPU.ActiveCfg = Debug|Any CPU
		{B52544F2-69BB-4688-AF8E-DB0072758B43}.Debug|Any CPU.Build.0 = Debug|Any CPU
		{B52544F2-69BB-4688-AF8E-DB0072758B43}.Release|Any CPU.ActiveCfg = Release|Any CPU
		{B52544F2-69BB-4688-AF8E-DB0072758B43}.Release|Any CPU.Build.0 = Release|Any CPU
		{7CD2F032-F270-497E-9E2F-10C86B18063B}.Debug|Any CPU.ActiveCfg = Debug|Any CPU
		{7CD2F032-F270-497E-9E2F-10C86B18063B}.Debug|Any CPU.Build.0 = Debug|Any CPU
		{7CD2F032-F270-497E-9E2F-10C86B18063B}.Release|Any CPU.ActiveCfg = Release|Any CPU
		{7CD2F032-F270-497E-9E2F-10C86B18063B}.Release|Any CPU.Build.0 = Release|Any CPU
		{E053BC08-88BE-495A-9F21-06F02B03B137}.Debug|Any CPU.ActiveCfg = Debug|Any CPU
		{E053BC08-88BE-495A-9F21-06F02B03B137}.Debug|Any CPU.Build.0 = Debug|Any CPU
		{E053BC08-88BE-495A-9F21-06F02B03B137}.Release|Any CPU.ActiveCfg = Release|Any CPU
		{E053BC08-88BE-495A-9F21-06F02B03B137}.Release|Any CPU.Build.0 = Release|Any CPU
	EndGlobalSection
	GlobalSection(SolutionProperties) = preSolution
		HideSolutionNode = FALSE
	EndGlobalSection
EndGlobal
